// !$*UTF8*$!
{
	archiveVersion = 1;
	classes = {
	};
	objectVersion = 50;
	objects = {

/* Begin PBXBuildFile section */
		4C19C54224A7880900FC2828 /* AppDelegate.swift in Sources */ = {isa = PBXBuildFile; fileRef = 4C19C54124A7880900FC2828 /* AppDelegate.swift */; };
		4C19C54424A7880A00FC2828 /* SceneDelegate.swift in Sources */ = {isa = PBXBuildFile; fileRef = 4C19C54324A7880A00FC2828 /* SceneDelegate.swift */; };
		4C19C54924A7880A00FC2828 /* Main.storyboard in Resources */ = {isa = PBXBuildFile; fileRef = 4C19C54724A7880A00FC2828 /* Main.storyboard */; };
		4C19C54B24A7881300FC2828 /* Assets.xcassets in Resources */ = {isa = PBXBuildFile; fileRef = 4C19C54A24A7881300FC2828 /* Assets.xcassets */; };
		4C19C54E24A7881300FC2828 /* LaunchScreen.storyboard in Resources */ = {isa = PBXBuildFile; fileRef = 4C19C54C24A7881300FC2828 /* LaunchScreen.storyboard */; };
		4C19C55724A7892400FC2828 /* ImageViewController.swift in Sources */ = {isa = PBXBuildFile; fileRef = 4C19C55624A7892400FC2828 /* ImageViewController.swift */; };
		4C19C55924A796CE00FC2828 /* demoURLs.swift in Sources */ = {isa = PBXBuildFile; fileRef = 4C19C55824A796CE00FC2828 /* demoURLs.swift */; };
		4C19C55F24A7976F00FC2828 /* oval.jpg in Resources */ = {isa = PBXBuildFile; fileRef = 4C19C55E24A7976F00FC2828 /* oval.jpg */; };
		4C19C56124A798BF00FC2828 /* 1.jpg in Resources */ = {isa = PBXBuildFile; fileRef = 4C19C56024A798BE00FC2828 /* 1.jpg */; };
/* End PBXBuildFile section */

/* Begin PBXFileReference section */
		4C19C53E24A7880900FC2828 /* Cassini.app */ = {isa = PBXFileReference; explicitFileType = wrapper.application; includeInIndex = 0; path = Cassini.app; sourceTree = BUILT_PRODUCTS_DIR; };
		4C19C54124A7880900FC2828 /* AppDelegate.swift */ = {isa = PBXFileReference; lastKnownFileType = sourcecode.swift; path = AppDelegate.swift; sourceTree = "<group>"; };
		4C19C54324A7880A00FC2828 /* SceneDelegate.swift */ = {isa = PBXFileReference; lastKnownFileType = sourcecode.swift; path = SceneDelegate.swift; sourceTree = "<group>"; };
		4C19C54824A7880A00FC2828 /* Base */ = {isa = PBXFileReference; lastKnownFileType = file.storyboard; name = Base; path = Base.lproj/Main.storyboard; sourceTree = "<group>"; };
		4C19C54A24A7881300FC2828 /* Assets.xcassets */ = {isa = PBXFileReference; lastKnownFileType = folder.assetcatalog; path = Assets.xcassets; sourceTree = "<group>"; };
		4C19C54D24A7881300FC2828 /* Base */ = {isa = PBXFileReference; lastKnownFileType = file.storyboard; name = Base; path = Base.lproj/LaunchScreen.storyboard; sourceTree = "<group>"; };
		4C19C54F24A7881300FC2828 /* Info.plist */ = {isa = PBXFileReference; lastKnownFileType = text.plist.xml; path = Info.plist; sourceTree = "<group>"; };
		4C19C55624A7892400FC2828 /* ImageViewController.swift */ = {isa = PBXFileReference; lastKnownFileType = sourcecode.swift; path = ImageViewController.swift; sourceTree = "<group>"; };
		4C19C55824A796CE00FC2828 /* demoURLs.swift */ = {isa = PBXFileReference; fileEncoding = 4; lastKnownFileType = sourcecode.swift; path = demoURLs.swift; sourceTree = "<group>"; };
		4C19C55E24A7976F00FC2828 /* oval.jpg */ = {isa = PBXFileReference; lastKnownFileType = image.jpeg; path = oval.jpg; sourceTree = "<group>"; };
		4C19C56024A798BE00FC2828 /* 1.jpg */ = {isa = PBXFileReference; lastKnownFileType = image.jpeg; path = 1.jpg; sourceTree = "<group>"; };
/* End PBXFileReference section */

/* Begin PBXFrameworksBuildPhase section */
		4C19C53B24A7880900FC2828 /* Frameworks */ = {
			isa = PBXFrameworksBuildPhase;
			buildActionMask = 2147483647;
			files = (
			);
			runOnlyForDeploymentPostprocessing = 0;
		};
/* End PBXFrameworksBuildPhase section */

/* Begin PBXGroup section */
		4C19C53524A7880900FC2828 = {
			isa = PBXGroup;
			children = (
				4C19C54024A7880900FC2828 /* Cassini */,
				4C19C53F24A7880900FC2828 /* Products */,
			);
			sourceTree = "<group>";
		};
		4C19C53F24A7880900FC2828 /* Products */ = {
			isa = PBXGroup;
			children = (
				4C19C53E24A7880900FC2828 /* Cassini.app */,
			);
			name = Products;
			sourceTree = "<group>";
		};
		4C19C54024A7880900FC2828 /* Cassini */ = {
			isa = PBXGroup;
			children = (
				4C19C54724A7880A00FC2828 /* Main.storyboard */,
				4C19C55624A7892400FC2828 /* ImageViewController.swift */,
				4C19C55824A796CE00FC2828 /* demoURLs.swift */,
				4C19C56024A798BE00FC2828 /* 1.jpg */,
				4C19C55E24A7976F00FC2828 /* oval.jpg */,
				4C19C54A24A7881300FC2828 /* Assets.xcassets */,
				4C19C54F24A7881300FC2828 /* Info.plist */,
				4C19C55524A7887A00FC2828 /* Additional Files */,
			);
			path = Cassini;
			sourceTree = "<group>";
		};
		4C19C55524A7887A00FC2828 /* Additional Files */ = {
			isa = PBXGroup;
			children = (
				4C19C54124A7880900FC2828 /* AppDelegate.swift */,
				4C19C54324A7880A00FC2828 /* SceneDelegate.swift */,
				4C19C54C24A7881300FC2828 /* LaunchScreen.storyboard */,
			);
			path = "Additional Files";
			sourceTree = "<group>";
		};
/* End PBXGroup section */

/* Begin PBXNativeTarget section */
		4C19C53D24A7880900FC2828 /* Cassini */ = {
			isa = PBXNativeTarget;
			buildConfigurationList = 4C19C55224A7881300FC2828 /* Build configuration list for PBXNativeTarget "Cassini" */;
			buildPhases = (
				4C19C53A24A7880900FC2828 /* Sources */,
				4C19C53B24A7880900FC2828 /* Frameworks */,
				4C19C53C24A7880900FC2828 /* Resources */,
			);
			buildRules = (
			);
			dependencies = (
			);
			name = Cassini;
			productName = Cassini;
			productReference = 4C19C53E24A7880900FC2828 /* Cassini.app */;
			productType = "com.apple.product-type.application";
		};
/* End PBXNativeTarget section */

/* Begin PBXProject section */
		4C19C53624A7880900FC2828 /* Project object */ = {
			isa = PBXProject;
			attributes = {
				LastSwiftUpdateCheck = 1150;
				LastUpgradeCheck = 1150;
				ORGANIZATIONNAME = "Maria Yelfimova";
				TargetAttributes = {
					4C19C53D24A7880900FC2828 = {
						CreatedOnToolsVersion = 11.5;
					};
				};
			};
			buildConfigurationList = 4C19C53924A7880900FC2828 /* Build configuration list for PBXProject "Cassini" */;
			compatibilityVersion = "Xcode 9.3";
			developmentRegion = en;
			hasScannedForEncodings = 0;
			knownRegions = (
				en,
				Base,
			);
			mainGroup = 4C19C53524A7880900FC2828;
			productRefGroup = 4C19C53F24A7880900FC2828 /* Products */;
			projectDirPath = "";
			projectRoot = "";
			targets = (
				4C19C53D24A7880900FC2828 /* Cassini */,
			);
		};
/* End PBXProject section */

/* Begin PBXResourcesBuildPhase section */
		4C19C53C24A7880900FC2828 /* Resources */ = {
			isa = PBXResourcesBuildPhase;
			buildActionMask = 2147483647;
			files = (
				4C19C54E24A7881300FC2828 /* LaunchScreen.storyboard in Resources */,
				4C19C55F24A7976F00FC2828 /* oval.jpg in Resources */,
				4C19C54B24A7881300FC2828 /* Assets.xcassets in Resources */,
				4C19C54924A7880A00FC2828 /* Main.storyboard in Resources */,
				4C19C56124A798BF00FC2828 /* 1.jpg in Resources */,
			);
			runOnlyForDeploymentPostprocessing = 0;
		};
/* End PBXResourcesBuildPhase section */

/* Begin PBXSourcesBuildPhase section */
		4C19C53A24A7880900FC2828 /* Sources */ = {
			isa = PBXSourcesBuildPhase;
			buildActionMask = 2147483647;
			files = (
				4C19C55924A796CE00FC2828 /* demoURLs.swift in Sources */,
				4C19C54224A7880900FC2828 /* AppDelegate.swift in Sources */,
				4C19C55724A7892400FC2828 /* ImageViewController.swift in Sources */,
				4C19C54424A7880A00FC2828 /* SceneDelegate.swift in Sources */,
			);
			runOnlyForDeploymentPostprocessing = 0;
		};
/* End PBXSourcesBuildPhase section */

/* Begin PBXVariantGroup section */
		4C19C54724A7880A00FC2828 /* Main.storyboard */ = {
			isa = PBXVariantGroup;
			children = (
				4C19C54824A7880A00FC2828 /* Base */,
			);
			name = Main.storyboard;
			sourceTree = "<group>";
		};
		4C19C54C24A7881300FC2828 /* LaunchScreen.storyboard */ = {
			isa = PBXVariantGroup;
			children = (
				4C19C54D24A7881300FC2828 /* Base */,
			);
			name = LaunchScreen.storyboard;
			sourceTree = "<group>";
		};
/* End PBXVariantGroup section */

/* Begin XCBuildConfiguration section */
		4C19C55024A7881300FC2828 /* Debug */ = {
			isa = XCBuildConfiguration;
			buildSettings = {
				ALWAYS_SEARCH_USER_PATHS = NO;
				CLANG_ANALYZER_NONNULL = YES;
				CLANG_ANALYZER_NUMBER_OBJECT_CONVERSION = YES_AGGRESSIVE;
				CLANG_CXX_LANGUAGE_STANDARD = "gnu++14";
				CLANG_CXX_LIBRARY = "libc++";
				CLANG_ENABLE_MODULES = YES;
				CLANG_ENABLE_OBJC_ARC = YES;
				CLANG_ENABLE_OBJC_WEAK = YES;
				CLANG_WARN_BLOCK_CAPTURE_AUTORELEASING = YES;
				CLANG_WARN_BOOL_CONVERSION = YES;
				CLANG_WARN_COMMA = YES;
				CLANG_WARN_CONSTANT_CONVERSION = YES;
				CLANG_WARN_DEPRECATED_OBJC_IMPLEMENTATIONS = YES;
				CLANG_WARN_DIRECT_OBJC_ISA_USAGE = YES_ERROR;
				CLANG_WARN_DOCUMENTATION_COMMENTS = YES;
				CLANG_WARN_EMPTY_BODY = YES;
				CLANG_WARN_ENUM_CONVERSION = YES;
				CLANG_WARN_INFINITE_RECURSION = YES;
				CLANG_WARN_INT_CONVERSION = YES;
				CLANG_WARN_NON_LITERAL_NULL_CONVERSION = YES;
				CLANG_WARN_OBJC_IMPLICIT_RETAIN_SELF = YES;
				CLANG_WARN_OBJC_LITERAL_CONVERSION = YES;
				CLANG_WARN_OBJC_ROOT_CLASS = YES_ERROR;
				CLANG_WARN_RANGE_LOOP_ANALYSIS = YES;
				CLANG_WARN_STRICT_PROTOTYPES = YES;
				CLANG_WARN_SUSPICIOUS_MOVE = YES;
				CLANG_WARN_UNGUARDED_AVAILABILITY = YES_AGGRESSIVE;
				CLANG_WARN_UNREACHABLE_CODE = YES;
				CLANG_WARN__DUPLICATE_METHOD_MATCH = YES;
				COPY_PHASE_STRIP = NO;
				DEBUG_INFORMATION_FORMAT = dwarf;
				ENABLE_STRICT_OBJC_MSGSEND = YES;
				ENABLE_TESTABILITY = YES;
				GCC_C_LANGUAGE_STANDARD = gnu11;
				GCC_DYNAMIC_NO_PIC = NO;
				GCC_NO_COMMON_BLOCKS = YES;
				GCC_OPTIMIZATION_LEVEL = 0;
				GCC_PREPROCESSOR_DEFINITIONS = (
					"DEBUG=1",
					"$(inherited)",
				);
				GCC_WARN_64_TO_32_BIT_CONVERSION = YES;
				GCC_WARN_ABOUT_RETURN_TYPE = YES_ERROR;
				GCC_WARN_UNDECLARED_SELECTOR = YES;
				GCC_WARN_UNINITIALIZED_AUTOS = YES_AGGRESSIVE;
				GCC_WARN_UNUSED_FUNCTION = YES;
				GCC_WARN_UNUSED_VARIABLE = YES;
				IPHONEOS_DEPLOYMENT_TARGET = 13.5;
				MTL_ENABLE_DEBUG_INFO = INCLUDE_SOURCE;
				MTL_FAST_MATH = YES;
				ONLY_ACTIVE_ARCH = YES;
				SDKROOT = iphoneos;
				SWIFT_ACTIVE_COMPILATION_CONDITIONS = DEBUG;
				SWIFT_OPTIMIZATION_LEVEL = "-Onone";
			};
			name = Debug;
		};
		4C19C55124A7881300FC2828 /* Release */ = {
			isa = XCBuildConfiguration;
			buildSettings = {
				ALWAYS_SEARCH_USER_PATHS = NO;
				CLANG_ANALYZER_NONNULL = YES;
				CLANG_ANALYZER_NUMBER_OBJECT_CONVERSION = YES_AGGRESSIVE;
				CLANG_CXX_LANGUAGE_STANDARD = "gnu++14";
				CLANG_CXX_LIBRARY = "libc++";
				CLANG_ENABLE_MODULES = YES;
				CLANG_ENABLE_OBJC_ARC = YES;
				CLANG_ENABLE_OBJC_WEAK = YES;
				CLANG_WARN_BLOCK_CAPTURE_AUTORELEASING = YES;
				CLANG_WARN_BOOL_CONVERSION = YES;
				CLANG_WARN_COMMA = YES;
				CLANG_WARN_CONSTANT_CONVERSION = YES;
				CLANG_WARN_DEPRECATED_OBJC_IMPLEMENTATIONS = YES;
				CLANG_WARN_DIRECT_OBJC_ISA_USAGE = YES_ERROR;
				CLANG_WARN_DOCUMENTATION_COMMENTS = YES;
				CLANG_WARN_EMPTY_BODY = YES;
				CLANG_WARN_ENUM_CONVERSION = YES;
				CLANG_WARN_INFINITE_RECURSION = YES;
				CLANG_WARN_INT_CONVERSION = YES;
				CLANG_WARN_NON_LITERAL_NULL_CONVERSION = YES;
				CLANG_WARN_OBJC_IMPLICIT_RETAIN_SELF = YES;
				CLANG_WARN_OBJC_LITERAL_CONVERSION = YES;
				CLANG_WARN_OBJC_ROOT_CLASS = YES_ERROR;
				CLANG_WARN_RANGE_LOOP_ANALYSIS = YES;
				CLANG_WARN_STRICT_PROTOTYPES = YES;
				CLANG_WARN_SUSPICIOUS_MOVE = YES;
				CLANG_WARN_UNGUARDED_AVAILABILITY = YES_AGGRESSIVE;
				CLANG_WARN_UNREACHABLE_CODE = YES;
				CLANG_WARN__DUPLICATE_METHOD_MATCH = YES;
				COPY_PHASE_STRIP = NO;
				DEBUG_INFORMATION_FORMAT = "dwarf-with-dsym";
				ENABLE_NS_ASSERTIONS = NO;
				ENABLE_STRICT_OBJC_MSGSEND = YES;
				GCC_C_LANGUAGE_STANDARD = gnu11;
				GCC_NO_COMMON_BLOCKS = YES;
				GCC_WARN_64_TO_32_BIT_CONVERSION = YES;
				GCC_WARN_ABOUT_RETURN_TYPE = YES_ERROR;
				GCC_WARN_UNDECLARED_SELECTOR = YES;
				GCC_WARN_UNINITIALIZED_AUTOS = YES_AGGRESSIVE;
				GCC_WARN_UNUSED_FUNCTION = YES;
				GCC_WARN_UNUSED_VARIABLE = YES;
				IPHONEOS_DEPLOYMENT_TARGET = 13.5;
				MTL_ENABLE_DEBUG_INFO = NO;
				MTL_FAST_MATH = YES;
				SDKROOT = iphoneos;
				SWIFT_COMPILATION_MODE = wholemodule;
				SWIFT_OPTIMIZATION_LEVEL = "-O";
				VALIDATE_PRODUCT = YES;
			};
			name = Release;
		};
		4C19C55324A7881300FC2828 /* Debug */ = {
			isa = XCBuildConfiguration;
			buildSettings = {
				ASSETCATALOG_COMPILER_APPICON_NAME = AppIcon;
				CODE_SIGN_STYLE = Automatic;
				DEVELOPMENT_TEAM = 8674268245;
				INFOPLIST_FILE = Cassini/Info.plist;
				LD_RUNPATH_SEARCH_PATHS = (
					"$(inherited)",
					"@executable_path/Frameworks",
				);
				PRODUCT_BUNDLE_IDENTIFIER = MariaYelfimova.Cassini;
				PRODUCT_NAME = "$(TARGET_NAME)";
				SWIFT_VERSION = 5.0;
				TARGETED_DEVICE_FAMILY = "1,2";
			};
			name = Debug;
		};
		4C19C55424A7881300FC2828 /* Release */ = {
			isa = XCBuildConfiguration;
			buildSettings = {
				ASSETCATALOG_COMPILER_APPICON_NAME = AppIcon;
				CODE_SIGN_STYLE = Automatic;
				DEVELOPMENT_TEAM = 8674268245;
				INFOPLIST_FILE = Cassini/Info.plist;
				LD_RUNPATH_SEARCH_PATHS = (
					"$(inherited)",
					"@executable_path/Frameworks",
				);
				PRODUCT_BUNDLE_IDENTIFIER = MariaYelfimova.Cassini;
				PRODUCT_NAME = "$(TARGET_NAME)";
				SWIFT_VERSION = 5.0;
				TARGETED_DEVICE_FAMILY = "1,2";
			};
			name = Release;
		};
/* End XCBuildConfiguration section */

/* Begin XCConfigurationList section */
		4C19C53924A7880900FC2828 /* Build configuration list for PBXProject "Cassini" */ = {
			isa = XCConfigurationList;
			buildConfigurations = (
				4C19C55024A7881300FC2828 /* Debug */,
				4C19C55124A7881300FC2828 /* Release */,
			);
			defaultConfigurationIsVisible = 0;
			defaultConfigurationName = Release;
		};
		4C19C55224A7881300FC2828 /* Build configuration list for PBXNativeTarget "Cassini" */ = {
			isa = XCConfigurationList;
			buildConfigurations = (
				4C19C55324A7881300FC2828 /* Debug */,
				4C19C55424A7881300FC2828 /* Release */,
			);
			defaultConfigurationIsVisible = 0;
			defaultConfigurationName = Release;
		};
/* End XCConfigurationList section */
	};
	rootObject = 4C19C53624A7880900FC2828 /* Project object */;
}
